Microsoft Visual Studio Solution File, Format Version 12.00
# Visual Studio Version 17
VisualStudioVersion = 17.0.31903.59
MinimumVisualStudioVersion = 10.0.40219.1
Project("{FAE04EC0-301F-11D3-BF4B-00C04F79EFBC}") = "WinFormsCSharp", "src\01-WinFormsCSharp\WinFormsCSharp.csproj", "{E3B8B0F0-3D26-4DDE-9F75-9A233B7D6F15}"
EndProject
Project("{F184B08F-C81C-45F6-A57F-5ABD9991F28F}") = "WinFormsVB", "src\01-WinFormsVB\WinFormsVB.vbproj", "{B84744A3-9C8E-4A3A-A5C1-8FA1B9E53AE0}"
EndProject
Project("{FAE04EC0-301F-11D3-BF4B-00C04F79EFBC}") = "ConsoleCSharp", "src\02-ConsoleCSharp\ConsoleCSharp.csproj", "{E8E8F99A-7B9F-4A0A-A94D-47F10B4D0A30}"
EndProject
Project("{FAE04EC0-301F-11D3-BF4B-00C04F79EFBC}") = "WebAppRazorPages", "src\03-WebApp-RazorPages\WebAppRazorPages.csproj", "{2A7C4C31-5CF5-4EBE-8E79-8C2CEB00D3B6}"
EndProject
Project("{FAE04EC0-301F-11D3-BF4B-00C04F79EFBC}") = "WebApiMinimal", "src\04-WebApi-Minimal\WebApiMinimal.csproj", "{A9C4A3C8-0F95-4EF7-86AC-1BB6B30E8E55}"
EndProject
Project("{FAE04EC0-301F-11D3-BF4B-00C04F79EFBC}") = "WorkerService", "src\05-WorkerService\WorkerService.csproj", "{11D1138E-3C9E-4DFB-BE86-2BFAEE9EAB0A}"
EndProject
Project("{2150E333-8FDC-42A3-9474-1A3956D46DE8}") = "Solution Items", "Solution Items", "{8EC462FD-D22E-90A8-E5CE-7E832BA40C5D}"
	ProjectSection(SolutionItems) = preProject
		.gitignore = .gitignore
	EndProjectSection
EndProject
Project("{2150E333-8FDC-42A3-9474-1A3956D46DE8}") = "src", "src", "{0E28EE77-0EC9-4FDB-9B54-FC8E371BB5BC}"
EndProject
Project("{FAE04EC0-301F-11D3-BF4B-00C04F79EFBC}") = "WebApiWithAuth", "src\08-WebApi-WithAuth\WebApiWithAuth.csproj", "{9B0EF585-8FBA-48EB-BFBF-677C2D5F0A6B}"
EndProject
Project("{FAE04EC0-301F-11D3-BF4B-00C04F79EFBC}") = "DataAccessEfCore", "src\09-DataAccess-EFCore\DataAccessEfCore.csproj", "{1411D0D2-B8EA-40E6-A5FA-D43D0E23F3E7}"
EndProject
Project("{FAE04EC0-301F-11D3-BF4B-00C04F79EFBC}") = "DataAccessDapper", "src\10-DataAccess-Dapper\DataAccessDapper.csproj", "{1316103F-6C6A-467A-8372-A2145140C041}"
EndProject
Project("{FAE04EC0-301F-11D3-BF4B-00C04F79EFBC}") = "WebApiClean", "src\11-WebApi-CleanArchitecture\WebApiClean.csproj", "{83783DA9-555A-4A6B-8A2A-C01519909BCE}"
EndProject
Project("{FAE04EC0-301F-11D3-BF4B-00C04F79EFBC}") = "IntegrationTests", "src\12-IntegrationTests\IntegrationTests.csproj", "{FA407A92-4D74-483D-ACCB-A28C73ADCD3E}"
EndProject
Project("{FAE04EC0-301F-11D3-BF4B-00C04F79EFBC}") = "ReverseProxyGateway", "src\13-ReverseProxy-Gateway\ReverseProxyGateway.csproj", "{8A4FCBAC-DCA4-49A3-924D-0F515721EB1C}"
EndProject
Project("{FAE04EC0-301F-11D3-BF4B-00C04F79EFBC}") = "MvcWebApp", "src\07-MvcWebApp\MvcWebApp.csproj", "{CCE04480-F005-425F-9404-9F75EE7A53C9}"
Project("{FAE04EC0-301F-11D3-BF4B-00C04F79EFBC}") = "BlazorWebApp", "src\06-BlazorWebApp\BlazorWebApp.csproj", "{56D6C962-E4DA-4034-98A6-038AE617B2FA}"
EndProject
Global
	GlobalSection(SolutionConfigurationPlatforms) = preSolution
		Debug|Any CPU = Debug|Any CPU
		Release|Any CPU = Release|Any CPU
	EndGlobalSection
	GlobalSection(ProjectConfigurationPlatforms) = postSolution
		{E3B8B0F0-3D26-4DDE-9F75-9A233B7D6F15}.Debug|Any CPU.ActiveCfg = Debug|Any CPU
		{E3B8B0F0-3D26-4DDE-9F75-9A233B7D6F15}.Release|Any CPU.ActiveCfg = Release|Any CPU
		{B84744A3-9C8E-4A3A-A5C1-8FA1B9E53AE0}.Debug|Any CPU.ActiveCfg = Debug|Any CPU
		{B84744A3-9C8E-4A3A-A5C1-8FA1B9E53AE0}.Release|Any CPU.ActiveCfg = Release|Any CPU
		{E8E8F99A-7B9F-4A0A-A94D-47F10B4D0A30}.Debug|Any CPU.ActiveCfg = Debug|Any CPU
		{E8E8F99A-7B9F-4A0A-A94D-47F10B4D0A30}.Debug|Any CPU.Build.0 = Debug|Any CPU
		{E8E8F99A-7B9F-4A0A-A94D-47F10B4D0A30}.Release|Any CPU.ActiveCfg = Release|Any CPU
		{E8E8F99A-7B9F-4A0A-A94D-47F10B4D0A30}.Release|Any CPU.Build.0 = Release|Any CPU
		{2A7C4C31-5CF5-4EBE-8E79-8C2CEB00D3B6}.Debug|Any CPU.ActiveCfg = Debug|Any CPU
		{2A7C4C31-5CF5-4EBE-8E79-8C2CEB00D3B6}.Debug|Any CPU.Build.0 = Debug|Any CPU
		{2A7C4C31-5CF5-4EBE-8E79-8C2CEB00D3B6}.Release|Any CPU.ActiveCfg = Release|Any CPU
		{2A7C4C31-5CF5-4EBE-8E79-8C2CEB00D3B6}.Release|Any CPU.Build.0 = Release|Any CPU
		{A9C4A3C8-0F95-4EF7-86AC-1BB6B30E8E55}.Debug|Any CPU.ActiveCfg = Debug|Any CPU
		{A9C4A3C8-0F95-4EF7-86AC-1BB6B30E8E55}.Debug|Any CPU.Build.0 = Debug|Any CPU
		{A9C4A3C8-0F95-4EF7-86AC-1BB6B30E8E55}.Release|Any CPU.ActiveCfg = Release|Any CPU
		{A9C4A3C8-0F95-4EF7-86AC-1BB6B30E8E55}.Release|Any CPU.Build.0 = Release|Any CPU
		{11D1138E-3C9E-4DFB-BE86-2BFAEE9EAB0A}.Debug|Any CPU.ActiveCfg = Debug|Any CPU
		{11D1138E-3C9E-4DFB-BE86-2BFAEE9EAB0A}.Debug|Any CPU.Build.0 = Debug|Any CPU
		{11D1138E-3C9E-4DFB-BE86-2BFAEE9EAB0A}.Release|Any CPU.ActiveCfg = Release|Any CPU
		{11D1138E-3C9E-4DFB-BE86-2BFAEE9EAB0A}.Release|Any CPU.Build.0 = Release|Any CPU
		{9B0EF585-8FBA-48EB-BFBF-677C2D5F0A6B}.Debug|Any CPU.ActiveCfg = Debug|Any CPU
		{9B0EF585-8FBA-48EB-BFBF-677C2D5F0A6B}.Debug|Any CPU.Build.0 = Debug|Any CPU
		{9B0EF585-8FBA-48EB-BFBF-677C2D5F0A6B}.Release|Any CPU.ActiveCfg = Release|Any CPU
		{9B0EF585-8FBA-48EB-BFBF-677C2D5F0A6B}.Release|Any CPU.Build.0 = Release|Any CPU
		{1411D0D2-B8EA-40E6-A5FA-D43D0E23F3E7}.Debug|Any CPU.ActiveCfg = Debug|Any CPU
		{1411D0D2-B8EA-40E6-A5FA-D43D0E23F3E7}.Debug|Any CPU.Build.0 = Debug|Any CPU
		{1411D0D2-B8EA-40E6-A5FA-D43D0E23F3E7}.Release|Any CPU.ActiveCfg = Release|Any CPU
		{1411D0D2-B8EA-40E6-A5FA-D43D0E23F3E7}.Release|Any CPU.Build.0 = Release|Any CPU
		{1316103F-6C6A-467A-8372-A2145140C041}.Debug|Any CPU.ActiveCfg = Debug|Any CPU
		{1316103F-6C6A-467A-8372-A2145140C041}.Debug|Any CPU.Build.0 = Debug|Any CPU
		{1316103F-6C6A-467A-8372-A2145140C041}.Release|Any CPU.ActiveCfg = Release|Any CPU
		{1316103F-6C6A-467A-8372-A2145140C041}.Release|Any CPU.Build.0 = Release|Any CPU
		{83783DA9-555A-4A6B-8A2A-C01519909BCE}.Debug|Any CPU.ActiveCfg = Debug|Any CPU
		{83783DA9-555A-4A6B-8A2A-C01519909BCE}.Debug|Any CPU.Build.0 = Debug|Any CPU
		{83783DA9-555A-4A6B-8A2A-C01519909BCE}.Release|Any CPU.ActiveCfg = Release|Any CPU
		{83783DA9-555A-4A6B-8A2A-C01519909BCE}.Release|Any CPU.Build.0 = Release|Any CPU
		{FA407A92-4D74-483D-ACCB-A28C73ADCD3E}.Debug|Any CPU.ActiveCfg = Debug|Any CPU
		{FA407A92-4D74-483D-ACCB-A28C73ADCD3E}.Debug|Any CPU.Build.0 = Debug|Any CPU
		{FA407A92-4D74-483D-ACCB-A28C73ADCD3E}.Release|Any CPU.ActiveCfg = Release|Any CPU
		{FA407A92-4D74-483D-ACCB-A28C73ADCD3E}.Release|Any CPU.Build.0 = Release|Any CPU
		{8A4FCBAC-DCA4-49A3-924D-0F515721EB1C}.Debug|Any CPU.ActiveCfg = Debug|Any CPU
		{8A4FCBAC-DCA4-49A3-924D-0F515721EB1C}.Debug|Any CPU.Build.0 = Debug|Any CPU
		{8A4FCBAC-DCA4-49A3-924D-0F515721EB1C}.Release|Any CPU.ActiveCfg = Release|Any CPU
		{8A4FCBAC-DCA4-49A3-924D-0F515721EB1C}.Release|Any CPU.Build.0 = Release|Any CPU
		{CCE04480-F005-425F-9404-9F75EE7A53C9}.Debug|Any CPU.ActiveCfg = Debug|Any CPU
		{CCE04480-F005-425F-9404-9F75EE7A53C9}.Debug|Any CPU.Build.0 = Debug|Any CPU
		{CCE04480-F005-425F-9404-9F75EE7A53C9}.Release|Any CPU.ActiveCfg = Release|Any CPU
		{CCE04480-F005-425F-9404-9F75EE7A53C9}.Release|Any CPU.Build.0 = Release|Any CPU
		{56D6C962-E4DA-4034-98A6-038AE617B2FA}.Debug|Any CPU.ActiveCfg = Debug|Any CPU
		{56D6C962-E4DA-4034-98A6-038AE617B2FA}.Debug|Any CPU.Build.0 = Debug|Any CPU
		{56D6C962-E4DA-4034-98A6-038AE617B2FA}.Release|Any CPU.ActiveCfg = Release|Any CPU
		{56D6C962-E4DA-4034-98A6-038AE617B2FA}.Release|Any CPU.Build.0 = Release|Any CPU
	EndGlobalSection
	GlobalSection(SolutionProperties) = preSolution
		HideSolutionNode = FALSE
	EndGlobalSection
	GlobalSection(NestedProjects) = preSolution
		{9B0EF585-8FBA-48EB-BFBF-677C2D5F0A6B} = {0E28EE77-0EC9-4FDB-9B54-FC8E371BB5BC}
		{1411D0D2-B8EA-40E6-A5FA-D43D0E23F3E7} = {0E28EE77-0EC9-4FDB-9B54-FC8E371BB5BC}
		{1316103F-6C6A-467A-8372-A2145140C041} = {0E28EE77-0EC9-4FDB-9B54-FC8E371BB5BC}
		{83783DA9-555A-4A6B-8A2A-C01519909BCE} = {0E28EE77-0EC9-4FDB-9B54-FC8E371BB5BC}
		{FA407A92-4D74-483D-ACCB-A28C73ADCD3E} = {0E28EE77-0EC9-4FDB-9B54-FC8E371BB5BC}
		{8A4FCBAC-DCA4-49A3-924D-0F515721EB1C} = {0E28EE77-0EC9-4FDB-9B54-FC8E371BB5BC}
		{CCE04480-F005-425F-9404-9F75EE7A53C9} = {0E28EE77-0EC9-4FDB-9B54-FC8E371BB5BC}
		{56D6C962-E4DA-4034-98A6-038AE617B2FA} = {0E28EE77-0EC9-4FDB-9B54-FC8E371BB5BC}
	EndGlobalSection
EndGlobal
